<?xml version="1.0" encoding="utf-8"?>
<Project ToolsVersion="4.0" xmlns="http://schemas.microsoft.com/developer/msbuild/2003">
  <ItemGroup>
    <Filter Include="Source Files">
      <UniqueIdentifier>{4FC737F1-C7A5-4376-A066-2A32D752A2FF}</UniqueIdentifier>
      <Extensions>cpp;c;cc;cxx;c++;cppm;ixx;def;odl;idl;hpj;bat;asm;asmx</Extensions>
    </Filter>
    <Filter Include="Header Files">
      <UniqueIdentifier>{93995380-89BD-4b04-88EB-625FBE52EBFB}</UniqueIdentifier>
      <Extensions>h;hh;hpp;hxx;h++;hm;inl;inc;ipp;xsd</Extensions>
    </Filter>
    <Filter Include="Resource Files">
      <UniqueIdentifier>{67DA6AB6-F800-4c08-8B7A-83BB121AAD01}</UniqueIdentifier>
      <Extensions>rc;ico;cur;bmp;dlg;rc2;rct;bin;rgs;gif;jpg;jpeg;jpe;resx;tiff;tif;png;wav;mfcribbon-ms</Extensions>
    </Filter>
    <Filter Include="Resource Files\win-x86">
      <UniqueIdentifier>{43dd8418-f5b7-4e08-a6f0-3c82ae54d085}</UniqueIdentifier>
    </Filter>
    <Filter Include="Resource Files\win-x64">
      <UniqueIdentifier>{ad50eb24-b78e-42ea-9a33-72caea53238a}</UniqueIdentifier>
    </Filter>
  </ItemGroup>
  <ItemGroup>
    <ClInclude Include="framework.h">
      <Filter>Header Files</Filter>
    </ClInclude>
    <ClInclude Include="pch.h">
      <Filter>Header Files</Filter>
    </ClInclude>
    <ClInclude Include="nativehost.h">
      <Filter>Header Files</Filter>
    </ClInclude>
    <ClInclude Include="nethost.h">
      <Filter>Header Files</Filter>
    </ClInclude>
    <ClInclude Include="coreclr_delegates.h">
      <Filter>Header Files</Filter>
    </ClInclude>
    <ClInclude Include="hostfxr.h">
      <Filter>Header Files</Filter>
    </ClInclude>
    <ClInclude Include="jsonw.h">
      <Filter>Header Files</Filter>
    </ClInclude>
  </ItemGroup>
  <ItemGroup>
    <ClCompile Include="dllmain.cpp">
      <Filter>Source Files</Filter>
    </ClCompile>
    <ClCompile Include="pch.cpp">
      <Filter>Source Files</Filter>
    </ClCompile>
    <ClCompile Include="nativehost.cpp">
      <Filter>Source Files</Filter>
    </ClCompile>
  </ItemGroup>
  <ItemGroup>
    <Library Include="win-x64\nethost.lib">
      <Filter>Resource Files\win-x64</Filter>
    </Library>
    <Library Include="win-x86\nethost.lib">
      <Filter>Resource Files\win-x86</Filter>
    </Library>
  </ItemGroup>
  <ItemGroup>
    <CopyFileToFolders Include="win-x86\nethost.dll">
      <Filter>Resource Files\win-x86</Filter>
    </CopyFileToFolders>
    <CopyFileToFolders Include="win-x64\nethost.dll">
      <Filter>Resource Files\win-x64</Filter>
    </CopyFileToFolders>
  </ItemGroup>
</Project>